# THIS IS AN AUTOGENERATED FILE. DO NOT EDIT THIS FILE DIRECTLY.
# yarn lockfile v1


"@ant-design/icons-react@~1.1.1":
  version "1.1.2"
  resolved "https://registry.yarnpkg.com/@ant-design/icons-react/-/icons-react-1.1.2.tgz#df25c4560864f8a3b687b305c3238daff048ed72"
  integrity sha512-7Fgt9d8ABgxrhZxsFjHk/VpPcxodQJJhbJO8Lsh7u58pGN4NoxxW++92naeGTXCyqZsbDPBReP+SC0bdBtbsGQ==
  dependencies:
    ant-design-palettes "^1.1.3"
    babel-runtime "^6.26.0"

"@ant-design/icons@~1.1.15":
  version "1.1.15"
  resolved "https://registry.yarnpkg.com/@ant-design/icons/-/icons-1.1.15.tgz#2ff689b87bb160c246a07adaa99cdb1c8dfd4412"
  integrity sha512-KwU8axLdaUGrhueLoiQm70ViP6jaYZVRohBxW5l8NTsmvp8Uj7iAlsVx+h0lpIcMzrsbEed4YX5QGLzlwHVbNw==

add-dom-event-listener@1.x:
  version "1.0.2"
  resolved "https://registry.yarnpkg.com/add-dom-event-listener/-/add-dom-event-listener-1.0.2.tgz#8faed2c41008721cf111da1d30d995b85be42bed"
  integrity sha1-j67SxBAIchzxEdodMNmVuFvkK+0=
  dependencies:
    object-assign "4.x"

ant-design-palettes@^1.1.3:
  version "1.1.3"
  resolved "https://registry.yarnpkg.com/ant-design-palettes/-/ant-design-palettes-1.1.3.tgz#84119b1a4d86363adc52a38d587e65336a0a27dd"
  integrity sha512-UpkkTp8egEN21KZNvY7sTcabLlkHvLvS71EVPk4CYi77Z9AaGGCaVn7i72tbOgWDrQp2wjIg8WgMbKBdK7GtWA==
  dependencies:
    tinycolor2 "^1.4.1"

antd@^3.10.0:
  version "3.10.0"
  resolved "https://registry.yarnpkg.com/antd/-/antd-3.10.0.tgz#fb555efca416e9a1c931bb17234ae608dc41f9d1"
  integrity sha512-QKV8OFERK5HTdWIVoZ7GyIms/SpujjWzy9OeGkHaixo4kzcNTVQUNDPioR4olmuJWvN9VHxYcrocIYVpCa2W9Q==
  dependencies:
    "@ant-design/icons" "~1.1.15"
    "@ant-design/icons-react" "~1.1.1"
    array-tree-filter "^2.0.0"
    babel-runtime "6.x"
    classnames "~2.2.0"
    create-react-class "^15.6.0"
    create-react-context "0.2.2"
    css-animation "^1.2.5"
    dom-closest "^0.2.0"
    enquire.js "^2.1.1"
    intersperse "^1.0.0"
    lodash "^4.17.5"
    moment "^2.19.3"
    omit.js "^1.0.0"
    prop-types "^15.5.7"
    raf "^3.4.0"
    rc-animate "^2.4.1"
    rc-calendar "~9.7.3"
    rc-cascader "~0.16.0"
    rc-checkbox "~2.1.5"
    rc-collapse "~1.10.0"
    rc-dialog "~7.2.0"
    rc-drawer "~1.7.3"
    rc-dropdown "~2.2.0"
    rc-editor-mention "^1.0.2"
    rc-form "^2.1.0"
    rc-input-number "~4.1.0"
    rc-menu "~7.4.1"
    rc-notification "~3.2.0"
    rc-pagination "~1.17.0"
    rc-progress "~2.2.2"
    rc-rate "~2.4.0"
    rc-select "~8.3.0"
    rc-slider "~8.6.0"
    rc-steps "~3.3.0"
    rc-switch "~1.8.0"
    rc-table "~6.3.2"
    rc-tabs "~9.4.0"
    rc-time-picker "~3.4.0"
    rc-tooltip "~3.7.0"
    rc-tree "~1.14.5"
    rc-tree-select "~2.3.0"
    rc-trigger "^2.5.4"
    rc-upload "~2.6.0"
    rc-util "^4.0.4"
    react-lazy-load "^3.0.12"
    react-lifecycles-compat "^3.0.2"
    react-slick "~0.23.1"
    shallowequal "^1.0.1"
    warning "~4.0.1"

array-tree-filter@^1.0.0:
  version "1.0.1"
  resolved "https://registry.yarnpkg.com/array-tree-filter/-/array-tree-filter-1.0.1.tgz#0a8ad1eefd38ce88858632f9cc0423d7634e4d5d"
  integrity sha1-CorR7v04zoiFhjL5zAQj12NOTV0=

array-tree-filter@^2.0.0:
  version "2.1.0"
  resolved "https://registry.yarnpkg.com/array-tree-filter/-/array-tree-filter-2.1.0.tgz#873ac00fec83749f255ac8dd083814b4f6329190"
  integrity sha512-4ROwICNlNw/Hqa9v+rk5h22KjmzB1JGTMVKP2AKJBOCgb0yL0ASf0+YvCcLNNwquOHNX48jkeZIJ3a+oOQqKcw==

asap@~2.0.3:
  version "2.0.6"
  resolved "https://registry.yarnpkg.com/asap/-/asap-2.0.6.tgz#e50347611d7e690943208bbdafebcbc2fb866d46"
  integrity sha1-5QNHYR1+aQlDIIu9r+vLwvuGbUY=

async-validator@1.x:
  version "1.8.5"
  resolved "https://registry.yarnpkg.com/async-validator/-/async-validator-1.8.5.tgz#dc3e08ec1fd0dddb67e60842f02c0cd1cec6d7f0"
  integrity sha512-tXBM+1m056MAX0E8TL2iCjg8WvSyXu0Zc8LNtYqrVeyoL3+esHRZ4SieE9fKQyyU09uONjnMEjrNBMqT0mbvmA==
  dependencies:
    babel-runtime "6.x"

babel-runtime@6.x, babel-runtime@^6.23.0, babel-runtime@^6.26.0:
  version "6.26.0"
  resolved "https://registry.yarnpkg.com/babel-runtime/-/babel-runtime-6.26.0.tgz#965c7058668e82b55d7bfe04ff2337bc8b5647fe"
  integrity sha1-llxwWGaOgrVde/4E/yM3vItWR/4=
  dependencies:
    core-js "^2.4.0"
    regenerator-runtime "^0.11.0"

classnames@2.x, classnames@^2.2.0, classnames@^2.2.1, classnames@^2.2.3, classnames@^2.2.5, classnames@^2.2.6, classnames@~2.2.0:
  version "2.2.6"
  resolved "https://registry.yarnpkg.com/classnames/-/classnames-2.2.6.tgz#43935bffdd291f326dad0a205309b38d00f650ce"
  integrity sha512-JR/iSQOSt+LQIWwrwEzJ9uk0xfN3mTVYMwt1Ir5mUcSN6pU+V4zQFFaJsclJbPuAUQH+yfWef6tm7l1quW3C8Q==

component-classes@1.x, component-classes@^1.2.5, component-classes@^1.2.6:
  version "1.2.6"
  resolved "https://registry.yarnpkg.com/component-classes/-/component-classes-1.2.6.tgz#c642394c3618a4d8b0b8919efccbbd930e5cd691"
  integrity sha1-xkI5TDYYpNiwuJGe/Mu9kw5c1pE=
  dependencies:
    component-indexof "0.0.3"

component-indexof@0.0.3:
  version "0.0.3"
  resolved "https://registry.yarnpkg.com/component-indexof/-/component-indexof-0.0.3.tgz#11d091312239eb8f32c8f25ae9cb002ffe8d3c24"
  integrity sha1-EdCRMSI5648yyPJa6csAL/6NPCQ=

core-js@^1.0.0:
  version "1.2.7"
  resolved "https://registry.yarnpkg.com/core-js/-/core-js-1.2.7.tgz#652294c14651db28fa93bd2d5ff2983a4f08c636"
  integrity sha1-ZSKUwUZR2yj6k70tX/KYOk8IxjY=

core-js@^2.4.0:
  version "2.5.7"
  resolved "https://registry.yarnpkg.com/core-js/-/core-js-2.5.7.tgz#f972608ff0cead68b841a16a932d0b183791814e"
  integrity sha512-RszJCAxg/PP6uzXVXL6BsxSXx/B05oJAQ2vkJRjyjrEcNVycaqOmNb5OTxZPE3xa5gwZduqza6L9JOCenh/Ecw==

create-react-class@^15.5.2, create-react-class@^15.5.3, create-react-class@^15.6.0:
  version "15.6.3"
  resolved "https://registry.yarnpkg.com/create-react-class/-/create-react-class-15.6.3.tgz#2d73237fb3f970ae6ebe011a9e66f46dbca80036"
  integrity sha512-M+/3Q6E6DLO6Yx3OwrWjwHBnvfXXYA7W+dFjt/ZDBemHO1DDZhsalX/NUtnTYclN6GfnBDRh4qRHjcDHmlJBJg==
  dependencies:
    fbjs "^0.8.9"
    loose-envify "^1.3.1"
    object-assign "^4.1.1"

create-react-context@0.2.2:
  version "0.2.2"
  resolved "https://registry.yarnpkg.com/create-react-context/-/create-react-context-0.2.2.tgz#9836542f9aaa22868cd7d4a6f82667df38019dca"
  integrity sha512-KkpaLARMhsTsgp0d2NA/R94F/eDLbhXERdIq3LvX2biCAXcDvHYoOqHfWCHf1+OLj+HKBotLG3KqaOOf+C1C+A==
  dependencies:
    fbjs "^0.8.0"
    gud "^1.0.0"

css-animation@1.x, css-animation@^1.2.5, css-animation@^1.3.2:
  version "1.4.1"
  resolved "https://registry.yarnpkg.com/css-animation/-/css-animation-1.4.1.tgz#5b8813125de0fbbbb0bbe1b472ae84221469b7a8"
  integrity sha1-W4gTEl3g+7uwu+G0cq6EIhRpt6g=
  dependencies:
    babel-runtime "6.x"
    component-classes "^1.2.5"

dom-align@^1.7.0:
  version "1.8.0"
  resolved "https://registry.yarnpkg.com/dom-align/-/dom-align-1.8.0.tgz#c0e89b5b674c6e836cd248c52c2992135f093654"
  integrity sha512-B85D4ef2Gj5lw0rK0KM2+D5/pH7yqNxg2mB+E8uzFaolpm7RQmsxEfjyEuNiF8UBBkffumYDeKRzTzc3LePP+w==

dom-closest@^0.2.0:
  version "0.2.0"
  resolved "https://registry.yarnpkg.com/dom-closest/-/dom-closest-0.2.0.tgz#ebd9f91d1bf22e8d6f477876bbcd3ec90216c0cf"
  integrity sha1-69n5HRvyLo1vR3h2u80+yQIWwM8=
  dependencies:
    dom-matches ">=1.0.1"

dom-matches@>=1.0.1:
  version "2.0.0"
  resolved "https://registry.yarnpkg.com/dom-matches/-/dom-matches-2.0.0.tgz#d2728b416a87533980eb089b848d253cf23a758c"
  integrity sha1-0nKLQWqHUzmA6wibhI0lPPI6dYw=

dom-scroll-into-view@1.x, dom-scroll-into-view@^1.2.0:
  version "1.2.1"
  resolved "https://registry.yarnpkg.com/dom-scroll-into-view/-/dom-scroll-into-view-1.2.1.tgz#e8f36732dd089b0201a88d7815dc3f88e6d66c7e"
  integrity sha1-6PNnMt0ImwIBqI14Fdw/iObWbH4=

draft-js@^0.10.0, draft-js@~0.10.0:
  version "0.10.5"
  resolved "https://registry.yarnpkg.com/draft-js/-/draft-js-0.10.5.tgz#bfa9beb018fe0533dbb08d6675c371a6b08fa742"
  integrity sha512-LE6jSCV9nkPhfVX2ggcRLA4FKs6zWq9ceuO/88BpXdNCS7mjRTgs0NsV6piUCJX9YxMsB9An33wnkMmU2sD2Zg==
  dependencies:
    fbjs "^0.8.15"
    immutable "~3.7.4"
    object-assign "^4.1.0"

encoding@^0.1.11:
  version "0.1.12"
  resolved "https://registry.yarnpkg.com/encoding/-/encoding-0.1.12.tgz#538b66f3ee62cd1ab51ec323829d1f9480c74beb"
  integrity sha1-U4tm8+5izRq1HsMjgp0flIDHS+s=
  dependencies:
    iconv-lite "~0.4.13"

enquire.js@^2.1.1, enquire.js@^2.1.6:
  version "2.1.6"
  resolved "https://registry.yarnpkg.com/enquire.js/-/enquire.js-2.1.6.tgz#3e8780c9b8b835084c3f60e166dbc3c2a3c89814"
  integrity sha1-PoeAybi4NQhMP2DhZtvDwqPImBQ=

eventlistener@0.0.1:
  version "0.0.1"
  resolved "https://registry.yarnpkg.com/eventlistener/-/eventlistener-0.0.1.tgz#ed2baabb852227af2bcf889152c72c63ca532eb8"
  integrity sha1-7Suqu4UiJ68rz4iRUscsY8pTLrg=

fbjs@^0.8.0, fbjs@^0.8.15, fbjs@^0.8.16, fbjs@^0.8.9:
  version "0.8.17"
  resolved "https://registry.yarnpkg.com/fbjs/-/fbjs-0.8.17.tgz#c4d598ead6949112653d6588b01a5cdcd9f90fdd"
  integrity sha1-xNWY6taUkRJlPWWIsBpc3Nn5D90=
  dependencies:
    core-js "^1.0.0"
    isomorphic-fetch "^2.1.1"
    loose-envify "^1.0.0"
    object-assign "^4.1.0"
    promise "^7.1.1"
    setimmediate "^1.0.5"
    ua-parser-js "^0.7.18"

gud@^1.0.0:
  version "1.0.0"
  resolved "https://registry.yarnpkg.com/gud/-/gud-1.0.0.tgz#a489581b17e6a70beca9abe3ae57de7a499852c0"
  integrity sha512-zGEOVKFM5sVPPrYs7J5/hYEw2Pof8KCyOwyhG8sAF26mCAeUFAcYPu1mwB7hhpIP29zOIBaDqwuHdLp0jvZXjw==

hammerjs@^2.0.8:
  version "2.0.8"
  resolved "https://registry.yarnpkg.com/hammerjs/-/hammerjs-2.0.8.tgz#04ef77862cff2bb79d30f7692095930222bf60f1"
  integrity sha1-BO93hiz/K7edMPdpIJWTAiK/YPE=

history@^4.7.2:
  version "4.7.2"
  resolved "https://registry.yarnpkg.com/history/-/history-4.7.2.tgz#22b5c7f31633c5b8021c7f4a8a954ac139ee8d5b"
  integrity sha512-1zkBRWW6XweO0NBcjiphtVJVsIQ+SXF29z9DVkceeaSLVMFXHool+fdCZD4spDCfZJCILPILc3bm7Bc+HRi0nA==
  dependencies:
    invariant "^2.2.1"
    loose-envify "^1.2.0"
    resolve-pathname "^2.2.0"
    value-equal "^0.4.0"
    warning "^3.0.0"

hoist-non-react-statics@^2.3.1, hoist-non-react-statics@^2.5.0:
  version "2.5.5"
  resolved "https://registry.yarnpkg.com/hoist-non-react-statics/-/hoist-non-react-statics-2.5.5.tgz#c5903cf409c0dfd908f388e619d86b9c1174cb47"
  integrity sha512-rqcy4pJo55FTTLWt+bU8ukscqHeE/e9KWvsOW2b/a3afxQZhwkQdT1rPPCJ0rYXdj4vNcasY8zHTH+jF/qStxw==

iconv-lite@~0.4.13:
  version "0.4.24"
  resolved "https://registry.yarnpkg.com/iconv-lite/-/iconv-lite-0.4.24.tgz#2022b4b25fbddc21d2f524974a474aafe733908b"
  integrity sha512-v3MXnZAcvnywkTUEZomIActle7RXXeedOR31wwl7VlyoXO4Qi9arvSenNQWne1TcRwhCL1HwLI21bEqdpj8/rA==
  dependencies:
    safer-buffer ">= 2.1.2 < 3"

immutable@^3.7.4:
  version "3.8.2"
  resolved "https://registry.yarnpkg.com/immutable/-/immutable-3.8.2.tgz#c2439951455bb39913daf281376f1530e104adf3"
  integrity sha1-wkOZUUVbs5kT2vKBN28VMOEErfM=

immutable@~3.7.4:
  version "3.7.6"
  resolved "https://registry.yarnpkg.com/immutable/-/immutable-3.7.6.tgz#13b4d3cb12befa15482a26fe1b2ebae640071e4b"
  integrity sha1-E7TTyxK++hVIKib+Gy665kAHHks=

intersperse@^1.0.0:
  version "1.0.0"
  resolved "https://registry.yarnpkg.com/intersperse/-/intersperse-1.0.0.tgz#f2561fb1cfef9f5277cc3347a22886b4351a5181"
  integrity sha1-8lYfsc/vn1J3zDNHoiiGtDUaUYE=

invariant@^2.2.1, invariant@^2.2.4:
  version "2.2.4"
  resolved "https://registry.yarnpkg.com/invariant/-/invariant-2.2.4.tgz#610f3c92c9359ce1db616e538008d23ff35158e6"
  integrity sha512-phJfQVBuaJM5raOpJjSfkiD6BpbCE4Ns//LaXl6wGYtUBY83nWS6Rf9tXm2e8VaK60JEjYldbPif/A2B1C2gNA==
  dependencies:
    loose-envify "^1.0.0"

is-negative-zero@^2.0.0:
  version "2.0.0"
  resolved "https://registry.yarnpkg.com/is-negative-zero/-/is-negative-zero-2.0.0.tgz#9553b121b0fac28869da9ed459e20c7543788461"
  integrity sha1-lVOxIbD6wohp2p7UWeIMdUN4hGE=

is-stream@^1.0.1:
  version "1.1.0"
  resolved "https://registry.yarnpkg.com/is-stream/-/is-stream-1.1.0.tgz#12d4a3dd4e68e0b79ceb8dbc84173ae80d91ca44"
  integrity sha1-EtSj3U5o4Lec6428hBc66A2RykQ=

isarray@0.0.1:
  version "0.0.1"
  resolved "https://registry.yarnpkg.com/isarray/-/isarray-0.0.1.tgz#8a18acfca9a8f4177e09abfc6038939b05d1eedf"
  integrity sha1-ihis/Kmo9Bd+Cav8YDiTmwXR7t8=

isomorphic-fetch@^2.1.1:
  version "2.2.1"
  resolved "https://registry.yarnpkg.com/isomorphic-fetch/-/isomorphic-fetch-2.2.1.tgz#611ae1acf14f5e81f729507472819fe9733558a9"
  integrity sha1-YRrhrPFPXoH3KVB0coGf6XM1WKk=
  dependencies:
    node-fetch "^1.0.1"
    whatwg-fetch ">=0.10.0"

"js-tokens@^3.0.0 || ^4.0.0":
  version "4.0.0"
  resolved "https://registry.yarnpkg.com/js-tokens/-/js-tokens-4.0.0.tgz#19203fb59991df98e3a287050d4647cdeaf32499"
  integrity sha512-RdJUflcE3cUzKiMqQgsCu06FPu9UdIJO0beYbPhHN4k6apgJtifcoCtT9bcxOpYBtpD2kCM6Sbzg4CausW/PKQ==

json2mq@^0.2.0:
  version "0.2.0"
  resolved "https://registry.yarnpkg.com/json2mq/-/json2mq-0.2.0.tgz#b637bd3ba9eabe122c83e9720483aeb10d2c904a"
  integrity sha1-tje9O6nqvhIsg+lyBIOusQ0skEo=
  dependencies:
    string-convert "^0.2.0"

lodash._getnative@^3.0.0:
  version "3.9.1"
  resolved "https://registry.yarnpkg.com/lodash._getnative/-/lodash._getnative-3.9.1.tgz#570bc7dede46d61cdcde687d65d3eecbaa3aaff5"
  integrity sha1-VwvH3t5G1hzc3mh9ZdPuy6o6r/U=

lodash.debounce@^4.0.0, lodash.debounce@^4.0.8:
  version "4.0.8"
  resolved "https://registry.yarnpkg.com/lodash.debounce/-/lodash.debounce-4.0.8.tgz#82d79bff30a67c4005ffd5e2515300ad9ca4d7af"
  integrity sha1-gteb/zCmfEAF/9XiUVMArZyk168=

lodash.isarguments@^3.0.0:
  version "3.1.0"
  resolved "https://registry.yarnpkg.com/lodash.isarguments/-/lodash.isarguments-3.1.0.tgz#2f573d85c6a24289ff00663b491c1d338ff3458a"
  integrity sha1-L1c9hcaiQon/AGY7SRwdM4/zRYo=

lodash.isarray@^3.0.0:
  version "3.0.4"
  resolved "https://registry.yarnpkg.com/lodash.isarray/-/lodash.isarray-3.0.4.tgz#79e4eb88c36a8122af86f844aa9bcd851b5fbb55"
  integrity sha1-eeTriMNqgSKvhvhEqpvNhRtfu1U=

lodash.keys@^3.1.2:
  version "3.1.2"
  resolved "https://registry.yarnpkg.com/lodash.keys/-/lodash.keys-3.1.2.tgz#4dbc0472b156be50a0b286855d1bd0b0c656098a"
  integrity sha1-TbwEcrFWvlCgsoaFXRvQsMZWCYo=
  dependencies:
    lodash._getnative "^3.0.0"
    lodash.isarguments "^3.0.0"
    lodash.isarray "^3.0.0"

lodash.throttle@^4.0.0:
  version "4.1.1"
  resolved "https://registry.yarnpkg.com/lodash.throttle/-/lodash.throttle-4.1.1.tgz#c23e91b710242ac70c37f1e1cda9274cc39bf2f4"
  integrity sha1-wj6RtxAkKscMN/HhzaknTMOb8vQ=

lodash@^4.16.5, lodash@^4.17.4, lodash@^4.17.5:
  version "4.17.11"
  resolved "https://registry.yarnpkg.com/lodash/-/lodash-4.17.11.tgz#b39ea6229ef607ecd89e2c8df12536891cac9b8d"
  integrity sha512-cQKh8igo5QUhZ7lg38DYWAxMvjSAKG0A8wGSVimP07SIUEK2UO+arSRKbRZWtelMtN5V0Hkwh5ryOto/SshYIg==

loose-envify@^1.0.0, loose-envify@^1.2.0, loose-envify@^1.3.1:
  version "1.4.0"
  resolved "https://registry.yarnpkg.com/loose-envify/-/loose-envify-1.4.0.tgz#71ee51fa7be4caec1a63839f7e682d8132d30caf"
  integrity sha512-lyuxPGr/Wfhrlem2CL/UcnUc1zcqKAImBDzukY7Y5F/yQiNdko6+fRLevlw1HgMySw7f611UIY408EtxRSoK3Q==
  dependencies:
    js-tokens "^3.0.0 || ^4.0.0"

mini-store@^1.0.2, mini-store@^1.1.0:
  version "1.1.2"
  resolved "https://registry.yarnpkg.com/mini-store/-/mini-store-1.1.2.tgz#cc150e0878e080ca58219d47fccefefe2c9aea3e"
  integrity sha512-2gU6dRzyv/79jrPw/SLtnj6EAdYlktW10e5jPqyIVeFgyFHxcP1BoqAH5Uf5WfKXbTdeHgJ+fuoAFP4falptdw==
  dependencies:
    hoist-non-react-statics "^2.3.1"
    prop-types "^15.6.0"
    react-lifecycles-compat "^3.0.4"
    shallowequal "^1.0.2"

moment@2.x, moment@^2.19.3:
  version "2.22.2"
  resolved "https://registry.yarnpkg.com/moment/-/moment-2.22.2.tgz#3c257f9839fc0e93ff53149632239eb90783ff66"
  integrity sha1-PCV/mDn8DpP/UxSWMiOeuQeD/2Y=

mutationobserver-shim@^0.3.2:
  version "0.3.2"
  resolved "https://registry.yarnpkg.com/mutationobserver-shim/-/mutationobserver-shim-0.3.2.tgz#f4d5dae7a4971a2207914fb5a90ebd514b65acca"
  integrity sha1-9NXa56SXGiIHkU+1qQ69UUtlrMo=

node-fetch@^1.0.1:
  version "1.7.3"
  resolved "https://registry.yarnpkg.com/node-fetch/-/node-fetch-1.7.3.tgz#980f6f72d85211a5347c6b2bc18c5b84c3eb47ef"
  integrity sha512-NhZ4CsKx7cYm2vSrBAr2PvFOe6sWDf0UYLRqA6svUYg7+/TSfVAu49jYC4BvQ4Sms9SZgdqGBgroqfDhJdTyKQ==
  dependencies:
    encoding "^0.1.11"
    is-stream "^1.0.1"

object-assign@4.x, object-assign@^4.1.0, object-assign@^4.1.1:
  version "4.1.1"
  resolved "https://registry.yarnpkg.com/object-assign/-/object-assign-4.1.1.tgz#2109adc7965887cfc05cbbd442cac8bfbb360863"
  integrity sha1-IQmtx5ZYh8/AXLvUQsrIv7s2CGM=

omit.js@^1.0.0:
  version "1.0.0"
  resolved "https://registry.yarnpkg.com/omit.js/-/omit.js-1.0.0.tgz#e013cb86a7517b9cf6f7cfb0ddb4297256a99288"
  integrity sha512-O1rwbvEfAdhtonTv+v6IQeMOKTi/wlHcXpI3hehyPDlujkjSBQC6Vtzg0mdy+v2KVDmuPf7hAbHlTBM6q1bUHQ==
  dependencies:
    babel-runtime "^6.23.0"

path-to-regexp@^1.7.0:
  version "1.7.0"
  resolved "https://registry.yarnpkg.com/path-to-regexp/-/path-to-regexp-1.7.0.tgz#59fde0f435badacba103a84e9d3bc64e96b9937d"
  integrity sha1-Wf3g9DW62suhA6hOnTvGTpa5k30=
  dependencies:
    isarray "0.0.1"

performance-now@^2.1.0:
  version "2.1.0"
  resolved "https://registry.yarnpkg.com/performance-now/-/performance-now-2.1.0.tgz#6309f4e0e5fa913ec1c69307ae364b4b377c9e7b"
  integrity sha1-Ywn04OX6kT7BxpMHrjZLSzd8nns=

promise@^7.1.1:
  version "7.3.1"
  resolved "https://registry.yarnpkg.com/promise/-/promise-7.3.1.tgz#064b72602b18f90f29192b8b1bc418ffd1ebd3bf"
  integrity sha512-nolQXZ/4L+bP/UGlkfaIujX9BKxGwmQ9OT4mOt5yvy8iK1h3wqTEJCijzGANTCCl9nWjY41juyAn2K3Q1hLLTg==
  dependencies:
    asap "~2.0.3"

prop-types@15.x, prop-types@^15.5.0, prop-types@^15.5.10, prop-types@^15.5.4, prop-types@^15.5.6, prop-types@^15.5.7, prop-types@^15.5.8, prop-types@^15.5.9, prop-types@^15.6.0, prop-types@^15.6.1:
  version "15.6.2"
  resolved "https://registry.yarnpkg.com/prop-types/-/prop-types-15.6.2.tgz#05d5ca77b4453e985d60fc7ff8c859094a497102"
  integrity sha512-3pboPvLiWD7dkI3qf3KbUe6hKFKa52w+AE0VCqECtf+QHAKgOL37tTaNCnuX1nAAQ4ZhyP+kYVKf8rLmJ/feDQ==
  dependencies:
    loose-envify "^1.3.1"
    object-assign "^4.1.1"

raf@^3.4.0:
  version "3.4.0"
  resolved "https://registry.yarnpkg.com/raf/-/raf-3.4.0.tgz#a28876881b4bc2ca9117d4138163ddb80f781575"
  integrity sha512-pDP/NMRAXoTfrhCfyfSEwJAKLaxBU9eApMeBPB1TkDouZmvPerIClV8lTAd+uF8ZiTaVl69e1FCxQrAd/VTjGw==
  dependencies:
    performance-now "^2.1.0"

rc-align@^2.4.0, rc-align@^2.4.1:
  version "2.4.3"
  resolved "https://registry.yarnpkg.com/rc-align/-/rc-align-2.4.3.tgz#b9b3c2a6d68adae71a8e1d041cd5e3b2a655f99a"
  integrity sha512-h5KgyB5IXYR7iKpYFcMr54cuQ2eozPCZ11kbXPG5+6CWvmyJ+c0R/yjndVndiNk2G3MKcTMbJNdDv5DIckLAxQ==
  dependencies:
    babel-runtime "^6.26.0"
    dom-align "^1.7.0"
    prop-types "^15.5.8"
    rc-util "^4.0.4"

rc-animate@2.x, rc-animate@^2.3.0, rc-animate@^2.4.1:
  version "2.5.4"
  resolved "https://registry.yarnpkg.com/rc-animate/-/rc-animate-2.5.4.tgz#3b308c42e137a2e3fb578650fdb145c2100fcc35"
  integrity sha512-aYisNYRuOvH+r5/nxEHHUzk1celxPg4nMUOuBGHd77c6NZbZ5fcjHFgWF3/nPdRPbLaqY4Z7Q317EcLO41fOvQ==
  dependencies:
    babel-runtime "6.x"
    classnames "^2.2.6"
    css-animation "^1.3.2"
    prop-types "15.x"
    raf "^3.4.0"
    react-lifecycles-compat "^3.0.4"

rc-animate@^3.0.0-rc.1, rc-animate@^3.0.0-rc.4, rc-animate@^3.0.0-rc.5:
  version "3.0.0-rc.6"
  resolved "https://registry.yarnpkg.com/rc-animate/-/rc-animate-3.0.0-rc.6.tgz#04288eefa118e0cae214536c8a903ffaac1bc3fb"
  integrity sha512-oBLPpiT6Q4t6YvD/pkLcmofBP1p01TX0Otse8Q4+Mxt8J+VSDflLZGIgf62EwkvRwsQUkLPjZVFBsldnPKLzjg==
  dependencies:
    babel-runtime "6.x"
    classnames "^2.2.5"
    component-classes "^1.2.6"
    fbjs "^0.8.16"
    prop-types "15.x"
    raf "^3.4.0"
    rc-util "^4.5.0"
    react-lifecycles-compat "^3.0.4"

rc-calendar@~9.7.3:
  version "9.7.9"
  resolved "https://registry.yarnpkg.com/rc-calendar/-/rc-calendar-9.7.9.tgz#c2ad017fd3b147d49a9b7a2f15d9f5c88d36814b"
  integrity sha512-SDWOUkcpUOKfg1/L+RITE4PUMWpSAQchjVhWuwvQBWoWEfUXOI0XrrgsIffJmSPLvJ9h4CoUKJu3s3y03x7FUg==
  dependencies:
    babel-runtime "6.x"
    classnames "2.x"
    create-react-class "^15.5.2"
    moment "2.x"
    prop-types "^15.5.8"
    rc-trigger "^2.2.0"
    rc-util "^4.1.1"

rc-cascader@~0.16.0:
  version "0.16.0"
  resolved "https://registry.yarnpkg.com/rc-cascader/-/rc-cascader-0.16.0.tgz#11baa854c2aaa2d6a8f601dec75dd136d59c5156"
  integrity sha512-hQ3OoVY2BTsA5gAEz8wucLQa1aC9XW5s5aPL0tpmEgwVrc0Ic7Zidy2OTNtyQxxSLkV0PmIR5bOlqKdGeqHfYA==
  dependencies:
    array-tree-filter "^1.0.0"
    prop-types "^15.5.8"
    rc-trigger "^2.2.0"
    rc-util "^4.0.4"
    shallow-equal "^1.0.0"
    warning "^4.0.1"

rc-checkbox@~2.1.5:
  version "2.1.5"
  resolved "https://registry.yarnpkg.com/rc-checkbox/-/rc-checkbox-2.1.5.tgz#411858448c0ee2a797ef8544dac63bcaeef722ef"
  integrity sha512-WXKnZV6ipS3Jsmd7mVenVUQf+ictgWZW0RqiH+7MeYdzGj/SL4g/S6MZgRdgzaBS2tGBCp4bvhGcyZLns6uQxw==
  dependencies:
    babel-runtime "^6.23.0"
    classnames "2.x"
    prop-types "15.x"
    rc-util "^4.0.4"

rc-collapse@~1.10.0:
  version "1.10.0"
  resolved "https://registry.yarnpkg.com/rc-collapse/-/rc-collapse-1.10.0.tgz#b39578633a1e033391597776758763a10d3bc261"
  integrity sha512-H8cn7yOhSg28anuhZTSbGBTEWYMmEqNHWT2AMCXk6JpYN5RpdJDCWMZitdJYPeKT0axMqQnrNe4upSELmWnTMw==
  dependencies:
    classnames "2.x"
    css-animation "1.x"
    prop-types "^15.5.6"
    rc-animate "2.x"

rc-dialog@~7.2.0:
  version "7.2.1"
  resolved "https://registry.yarnpkg.com/rc-dialog/-/rc-dialog-7.2.1.tgz#ac92fcffdf2a0eaa64b77f829336653d911a57be"
  integrity sha512-UgKNFq6ekC7XZUnXYss/9/HSDajwy04qJ++8Iuecvfq48FbMf1k9UtTW0QGcbKIfLHWUJV13/DsTBJki2H6vWw==
  dependencies:
    babel-runtime "6.x"
    rc-animate "2.x"
    rc-util "^4.4.0"

rc-drawer@~1.7.3:
  version "1.7.6"
  resolved "https://registry.yarnpkg.com/rc-drawer/-/rc-drawer-1.7.6.tgz#925ce0768cf81ef5fa83eb22d90c603422b1b1b1"
  integrity sha512-FPJjShzI32ijWVjuBm+icDJHdXnKGQh/tvHJooKKspmWusCo2CAKMn1c7IG4pbVdKhZYCih70/8pD5iF5E8Bhg==
  dependencies:
    babel-runtime "6.x"
    classnames "^2.2.5"
    prop-types "^15.5.0"
    rc-util "^4.5.1"

rc-dropdown@~2.2.0:
  version "2.2.1"
  resolved "https://registry.yarnpkg.com/rc-dropdown/-/rc-dropdown-2.2.1.tgz#172b6e87f0909fe8ab983e375f62e2866f3250c3"
  integrity sha512-eyTYEkdyhQGHcNc+YDH6MrExX783zPAxQCnQ0+ArIchXmKmDw6MRV88kbRT69jfmqEkH6n8kOKt65EFCNWzk6g==
  dependencies:
    babel-runtime "^6.26.0"
    prop-types "^15.5.8"
    rc-trigger "^2.5.1"
    react-lifecycles-compat "^3.0.2"

rc-editor-core@~0.8.3:
  version "0.8.7"
  resolved "https://registry.yarnpkg.com/rc-editor-core/-/rc-editor-core-0.8.7.tgz#0d0a46de772e48a1325c7c49d5ea6597b056b69e"
  integrity sha512-3T4aGK9sLyIwFjPxZLZIbHLvB5pU/D5/m022BgG7O2lYBpxLtRV7Zr3B5HCP8u5sj/J1tiqn9wsXS0OaoAHaOw==
  dependencies:
    babel-runtime "^6.26.0"
    classnames "^2.2.5"
    draft-js "^0.10.0"
    immutable "^3.7.4"
    lodash "^4.16.5"
    prop-types "^15.5.8"
    setimmediate "^1.0.5"

rc-editor-mention@^1.0.2:
  version "1.1.7"
  resolved "https://registry.yarnpkg.com/rc-editor-mention/-/rc-editor-mention-1.1.7.tgz#c72d181859beda96669f4b43e19a941e68fa985b"
  integrity sha512-5z9OX8gxh76oD8kx0Hi2fTZEyrmrfDo35ouFgpFrhB3H1L+WY4yvi1yUUZJG1uAxq/3Hlhnet4AFy1SnepinyQ==
  dependencies:
    babel-runtime "^6.23.0"
    classnames "^2.2.5"
    dom-scroll-into-view "^1.2.0"
    draft-js "~0.10.0"
    prop-types "^15.5.8"
    rc-animate "^2.3.0"
    rc-editor-core "~0.8.3"

rc-form@^2.1.0:
  version "2.2.3"
  resolved "https://registry.yarnpkg.com/rc-form/-/rc-form-2.2.3.tgz#2a4e3fe259359c353baadc4475c072d5f598b1e4"
  integrity sha512-szkOxr0JLTk4WCtRG7dw1LU9r1qsiu9UzoFOQUNVofb/BKBOxLTK0QBMyOD54OwAes9+6MBozPX0h1g1fSMD1g==
  dependencies:
    async-validator "1.x"
    babel-runtime "6.x"
    create-react-class "^15.5.3"
    dom-scroll-into-view "1.x"
    hoist-non-react-statics "^2.3.1"
    lodash "^4.17.4"
    warning "^3.0.0"

rc-hammerjs@~0.6.0:
  version "0.6.9"
  resolved "https://registry.yarnpkg.com/rc-hammerjs/-/rc-hammerjs-0.6.9.tgz#9a4ddbda1b2ec8f9b9596091a6a989842a243907"
  integrity sha512-4llgWO3RgLyVbEqUdGsDfzUDqklRlQW5VEhE3x35IvhV+w//VPRG34SBavK3D2mD/UaLKaohgU41V4agiftC8g==
  dependencies:
    babel-runtime "6.x"
    hammerjs "^2.0.8"
    prop-types "^15.5.9"

rc-input-number@~4.1.0:
  version "4.1.0"
  resolved "https://registry.yarnpkg.com/rc-input-number/-/rc-input-number-4.1.0.tgz#1f96aa586f6e83cb797f3d904adac6af42f4c559"
  integrity sha512-maV7cS6TjFHNR7jAY05ibDUWeBlqbMhHW/ehXWlNQc7V0VvPMC2l5GtNyv/dilGYiIttsTuqdXRmjhiacN0Sgw==
  dependencies:
    babel-runtime "6.x"
    classnames "^2.2.0"
    is-negative-zero "^2.0.0"
    prop-types "^15.5.7"
    rc-util "^4.5.1"
    rmc-feedback "^2.0.0"

rc-menu@^7.3.0, rc-menu@~7.4.1:
  version "7.4.12"
  resolved "https://registry.yarnpkg.com/rc-menu/-/rc-menu-7.4.12.tgz#a5545bd69b12c4802f79ca9e005c9b1d1cd12094"
  integrity sha512-v6+Gndsw5mGj2jBJLfFAiBMdyr89X/0Bevraj4x5ri0ckvkJJjaRNDl0eQaDbnze3QmPWYRtdzyhpkbyk6CaHA==
  dependencies:
    babel-runtime "6.x"
    classnames "2.x"
    dom-scroll-into-view "1.x"
    mini-store "^1.1.0"
    mutationobserver-shim "^0.3.2"
    prop-types "^15.5.6"
    rc-animate "2.x"
    rc-trigger "^2.3.0"
    rc-util "^4.1.0"
    resize-observer-polyfill "^1.5.0"

rc-notification@~3.2.0:
  version "3.2.0"
  resolved "https://registry.yarnpkg.com/rc-notification/-/rc-notification-3.2.0.tgz#bbfb6a92c4e54c9eeb7ac51a7e8c64011ea12ab1"
  integrity sha512-UUr9WDjZ/4dHNGSNDMfpt8ut1w/Ed7ZaXAR/yVyFjPo/RxFE22alGWDfCD4W/kcGx+H5sI2wY5w7pTWToSdK6A==
  dependencies:
    babel-runtime "6.x"
    classnames "2.x"
    prop-types "^15.5.8"
    rc-animate "2.x"
    rc-util "^4.0.4"

rc-pagination@~1.17.0:
  version "1.17.3"
  resolved "https://registry.yarnpkg.com/rc-pagination/-/rc-pagination-1.17.3.tgz#4c5334adef607f7a80b90ca7501a1e962491aae5"
  integrity sha512-/bwe4++vjBHq2lNvxWP2LpCx0c0CRNH+tDO75tFsj1XMpQQo/vzdhreISC3HFjQOeb5a+59e2dXKmoBCootr9Q==
  dependencies:
    babel-runtime "6.x"
    prop-types "^15.5.7"

rc-progress@~2.2.2:
  version "2.2.6"
  resolved "https://registry.yarnpkg.com/rc-progress/-/rc-progress-2.2.6.tgz#d5d07c07333b352a9ef13230c5940e13336c1e62"
  integrity sha512-73Ul9WrWf474q0ze+XblpcR8q2No0tybHt+zdGXYyQ7fUZy4b+I5dUQcoxr9UXY6W5Ele9ZsPWJWHSDz/IAOUw==
  dependencies:
    babel-runtime "6.x"
    prop-types "^15.5.8"

rc-rate@~2.4.0:
  version "2.4.2"
  resolved "https://registry.yarnpkg.com/rc-rate/-/rc-rate-2.4.2.tgz#c097bfdba7a5783cec287c928b1461cc1621f836"
  integrity sha512-g5MeQFoQS7ERFRDe7kfxaEsvMLSuD4V5aYNid6a3I9KCQRKe5n3We8eNTbK6vLZQ7ZoiBR1NYYG9F1oA1/rNKA==
  dependencies:
    babel-runtime "^6.26.0"
    classnames "^2.2.5"
    prop-types "^15.5.8"
    rc-util "^4.3.0"

rc-select@~8.3.0:
  version "8.3.1"
  resolved "https://registry.yarnpkg.com/rc-select/-/rc-select-8.3.1.tgz#d85700309943cd2cf517d2d3cdc0ef7bae274842"
  integrity sha512-Ai1fwwOUpyJAkNXniLtmLEI3ajV/I6kHN0grLdfd7Xw6j8uORH0Ltc1l+3NTP7hs/XPtEBJdMHNaFJmOscU44w==
  dependencies:
    babel-runtime "^6.23.0"
    classnames "2.x"
    component-classes "1.x"
    dom-scroll-into-view "1.x"
    prop-types "^15.5.8"
    raf "^3.4.0"
    rc-animate "2.x"
    rc-menu "^7.3.0"
    rc-trigger "^2.5.4"
    rc-util "^4.0.4"
    react-lifecycles-compat "^3.0.2"
    warning "^4.0.2"

rc-slider@~8.6.0:
  version "8.6.3"
  resolved "https://registry.yarnpkg.com/rc-slider/-/rc-slider-8.6.3.tgz#1ca0e0bd2863252741de75e7bf8c9f2cfcffccb7"
  integrity sha512-kQaq3SJdb5EifYZxvMDotgClOJKIuAiidFr67hxNEeBv0GwUcwAToYmSWrP0B2ZCb5IYlr2csyiH0+xNomLDoA==
  dependencies:
    babel-runtime "6.x"
    classnames "^2.2.5"
    prop-types "^15.5.4"
    rc-tooltip "^3.7.0"
    rc-util "^4.0.4"
    shallowequal "^1.0.1"
    warning "^3.0.0"

rc-steps@~3.3.0:
  version "3.3.0"
  resolved "https://registry.yarnpkg.com/rc-steps/-/rc-steps-3.3.0.tgz#8817c438a6a5648997c7edb51bde727e6f32e132"
  integrity sha512-a4TjKu27Nmgo7CbT/Rx17G24yL/FYfv7tDBptuw3JixCMNs6H935vQvsYIdyO9k/l02uGXd/DGVAqUIDHJEBeA==
  dependencies:
    babel-runtime "^6.23.0"
    classnames "^2.2.3"
    lodash "^4.17.5"
    prop-types "^15.5.7"

rc-switch@~1.8.0:
  version "1.8.0"
  resolved "https://registry.yarnpkg.com/rc-switch/-/rc-switch-1.8.0.tgz#cff32fd04c406d8c0c0397e69bc36350a333e236"
  integrity sha512-n4H+K2XJCqGwVQKwWOjbxl1kpdov0PVE9DGhzs/S20gk65s/nAOkpdO9tBD7IM/20KRNTBh0fEWkEedByrqh6w==
  dependencies:
    babel-runtime "^6.23.0"
    classnames "^2.2.1"
    prop-types "^15.5.6"

rc-table@~6.3.2:
  version "6.3.4"
  resolved "https://registry.yarnpkg.com/rc-table/-/rc-table-6.3.4.tgz#5ec6e37f18661228161bcaa7bbf8cbaf132405ec"
  integrity sha512-T6eCrRtPvIXO10qfpWS7zkR8TvcQ+vDVVgAuO4JQVqiWUIGz+OMydWZjyQhlC8PaLwbVWqB6ecjMUF8q8HhdVg==
  dependencies:
    babel-runtime "6.x"
    classnames "^2.2.5"
    component-classes "^1.2.6"
    lodash "^4.17.5"
    mini-store "^1.0.2"
    prop-types "^15.5.8"
    rc-util "^4.0.4"
    react-lifecycles-compat "^3.0.2"
    shallowequal "^1.0.2"
    warning "^3.0.0"

rc-tabs@~9.4.0:
  version "9.4.6"
  resolved "https://registry.yarnpkg.com/rc-tabs/-/rc-tabs-9.4.6.tgz#54dd60033d3dd86ba0cb3e4f09e9836379f5ac7a"
  integrity sha512-pvP/IsCZ5ujcGUowXW+gmClbFl+ISsIlBLsgqvUtDhukSKQHHN/aMxfx2ku6H8Ihy2ub47BjON4GVqM49L7VlA==
  dependencies:
    babel-runtime "6.x"
    classnames "2.x"
    lodash "^4.17.5"
    prop-types "15.x"
    rc-hammerjs "~0.6.0"
    rc-util "^4.0.4"
    warning "^3.0.0"

rc-time-picker@~3.4.0:
  version "3.4.0"
  resolved "https://registry.yarnpkg.com/rc-time-picker/-/rc-time-picker-3.4.0.tgz#274e80122f885b37a4eace7393f3a25334fa141f"
  integrity sha512-BgF0Fu/d36AK0h8jYBa01VWCm5vHWtYCh4DXBQhNazPLSH9hMP6JHLMJPSYMJ9jKttdE18O+F3j0mVQCL8JpDg==
  dependencies:
    babel-runtime "6.x"
    classnames "2.x"
    moment "2.x"
    prop-types "^15.5.8"
    rc-trigger "^2.2.0"

rc-tooltip@^3.7.0, rc-tooltip@~3.7.0:
  version "3.7.3"
  resolved "https://registry.yarnpkg.com/rc-tooltip/-/rc-tooltip-3.7.3.tgz#280aec6afcaa44e8dff0480fbaff9e87fc00aecc"
  integrity sha512-dE2ibukxxkrde7wH9W8ozHKUO4aQnPZ6qBHtrTH9LoO836PjDdiaWO73fgPB05VfJs9FbZdmGPVEbXCeOP99Ww==
  dependencies:
    babel-runtime "6.x"
    prop-types "^15.5.8"
    rc-trigger "^2.2.2"

rc-tree-select@~2.3.0:
  version "2.3.1"
  resolved "https://registry.yarnpkg.com/rc-tree-select/-/rc-tree-select-2.3.1.tgz#e4c4e611756277737b79b1d77195929695f0e256"
  integrity sha512-R6uYgPW2pUnac8MhS2Q2/UjF50v9PvXyNTteAkGStNndrF0R6I9z0sCIjeS1i32TDDT+GnlzQEq+codAvQSpSw==
  dependencies:
    babel-runtime "^6.23.0"
    classnames "^2.2.1"
    prop-types "^15.5.8"
    raf "^3.4.0"
    rc-animate "^3.0.0-rc.4"
    rc-tree "~1.14.3"
    rc-trigger "^3.0.0-rc.2"
    rc-util "^4.5.0"
    react-lifecycles-compat "^3.0.4"
    shallowequal "^1.0.2"
    warning "^4.0.1"

rc-tree@~1.14.3, rc-tree@~1.14.5:
  version "1.14.6"
  resolved "https://registry.yarnpkg.com/rc-tree/-/rc-tree-1.14.6.tgz#5ee5b25d55fcc93f29ea72c4e9aedd9ef2b70fa2"
  integrity sha512-dY6mRl1DW5b4HipFyl8TfpstNHJqx9nSjOVXxTcddzkSuNwsO9t5Jes3aZ3hdldHPtQiLTkkt8knHpRf0Hffqw==
  dependencies:
    babel-runtime "^6.23.0"
    classnames "2.x"
    prop-types "^15.5.8"
    rc-animate "^3.0.0-rc.5"
    rc-util "^4.5.1"
    react-lifecycles-compat "^3.0.4"
    warning "^3.0.0"

rc-trigger@^2.2.0, rc-trigger@^2.2.2, rc-trigger@^2.3.0, rc-trigger@^2.5.1, rc-trigger@^2.5.4:
  version "2.6.2"
  resolved "https://registry.yarnpkg.com/rc-trigger/-/rc-trigger-2.6.2.tgz#a9c09ba5fad63af3b2ec46349c7db6cb46657001"
  integrity sha512-op4xCu95/gdHVaysyxxiYxbY+Z+UcIBSUY9nQfLqm1FlitdtnAN+owD5iMPfnnsRXntgcQ5+RdYKNUFQT5DjzA==
  dependencies:
    babel-runtime "6.x"
    classnames "^2.2.6"
    prop-types "15.x"
    rc-align "^2.4.0"
    rc-animate "2.x"
    rc-util "^4.4.0"

rc-trigger@^3.0.0-rc.2:
  version "3.0.0-rc.3"
  resolved "https://registry.yarnpkg.com/rc-trigger/-/rc-trigger-3.0.0-rc.3.tgz#35842df1674d25315e1426a44882a4c97652258b"
  integrity sha512-4vB6cpxcUdm2qO5VtB9q1TZz0MoWm9BzFLvGknulphGrl1qI6uxUsPDCvqnmujdpDdAKGGfjxntFpA7RtAwkFQ==
  dependencies:
    babel-runtime "6.x"
    classnames "^2.2.6"
    prop-types "15.x"
    raf "^3.4.0"
    rc-align "^2.4.1"
    rc-animate "^3.0.0-rc.1"
    rc-util "^4.4.0"

rc-upload@~2.6.0:
  version "2.6.0"
  resolved "https://registry.yarnpkg.com/rc-upload/-/rc-upload-2.6.0.tgz#9cfb8dda8b1bbae823a076d2dd81a5c0b3f0aa00"
  integrity sha512-0nKpPEdRopGzxxrcFGXgZIiRJZwuet+TcMatYFAwPTCDyrFikdiSKkaLcz8Lz9tvLG2VzR5berbT2VLfpH9VvA==
  dependencies:
    babel-runtime "6.x"
    classnames "^2.2.5"
    prop-types "^15.5.7"
    warning "2.x"

rc-util@^4.0.4, rc-util@^4.1.0, rc-util@^4.1.1, rc-util@^4.3.0, rc-util@^4.4.0, rc-util@^4.5.0, rc-util@^4.5.1:
  version "4.5.1"
  resolved "https://registry.yarnpkg.com/rc-util/-/rc-util-4.5.1.tgz#0e435057174c024901c7600ba8903dd03da3ab39"
  integrity sha512-PdCmHyBBodZdw6Oaikt0l+/R79IcRXpYkTrqD/Rbl4ZdoOi61t5TtEe40Q+A7rkWG5U1xjcN+h8j9H6GdtnICw==
  dependencies:
    add-dom-event-listener "1.x"
    babel-runtime "6.x"
    prop-types "^15.5.10"
    shallowequal "^0.2.2"

react-lazy-load@^3.0.12:
  version "3.0.13"
  resolved "https://registry.yarnpkg.com/react-lazy-load/-/react-lazy-load-3.0.13.tgz#3b0a92d336d43d3f0d73cbe6f35b17050b08b824"
  integrity sha1-OwqS0zbUPT8Nc8vm81sXBQsIuCQ=
  dependencies:
    eventlistener "0.0.1"
    lodash.debounce "^4.0.0"
    lodash.throttle "^4.0.0"
    prop-types "^15.5.8"

react-lifecycles-compat@^3.0.2, react-lifecycles-compat@^3.0.4:
  version "3.0.4"
  resolved "https://registry.yarnpkg.com/react-lifecycles-compat/-/react-lifecycles-compat-3.0.4.tgz#4f1a273afdfc8f3488a8c516bfda78f872352362"
  integrity sha512-fBASbA6LnOU9dOU2eW7aQ8xmYBSXUIWr+UmF9b1efZBazGNO+rcXT/icdKnYm2pTwcRylVUYwW7H1PHfLekVzA==

react-router-dom@^4.3.1:
  version "4.3.1"
  resolved "https://registry.yarnpkg.com/react-router-dom/-/react-router-dom-4.3.1.tgz#4c2619fc24c4fa87c9fd18f4fb4a43fe63fbd5c6"
  integrity sha512-c/MlywfxDdCp7EnB7YfPMOfMD3tOtIjrQlj/CKfNMBxdmpJP8xcz5P/UAFn3JbnQCNUxsHyVVqllF9LhgVyFCA==
  dependencies:
    history "^4.7.2"
    invariant "^2.2.4"
    loose-envify "^1.3.1"
    prop-types "^15.6.1"
    react-router "^4.3.1"
    warning "^4.0.1"

react-router@^4.3.1:
  version "4.3.1"
  resolved "https://registry.yarnpkg.com/react-router/-/react-router-4.3.1.tgz#aada4aef14c809cb2e686b05cee4742234506c4e"
  integrity sha512-yrvL8AogDh2X42Dt9iknk4wF4V8bWREPirFfS9gLU1huk6qK41sg7Z/1S81jjTrGHxa3B8R3J6xIkDAA6CVarg==
  dependencies:
    history "^4.7.2"
    hoist-non-react-statics "^2.5.0"
    invariant "^2.2.4"
    loose-envify "^1.3.1"
    path-to-regexp "^1.7.0"
    prop-types "^15.6.1"
    warning "^4.0.1"

react-slick@~0.23.1:
  version "0.23.1"
  resolved "https://registry.yarnpkg.com/react-slick/-/react-slick-0.23.1.tgz#15791c4107f0ba3a5688d5bd97b7b7ceaa0dd181"
  integrity sha512-vn4E+JeTUrjRgXDEV0QEiWo3fNdB6Lg/e8eMYSh3OjuadqYBsgn0OfbqNxVJs7cv1VmSKm14razHEbpRFP/mvw==
  dependencies:
    classnames "^2.2.5"
    enquire.js "^2.1.6"
    json2mq "^0.2.0"
    lodash.debounce "^4.0.8"
    resize-observer-polyfill "^1.5.0"

regenerator-runtime@^0.11.0:
  version "0.11.1"
  resolved "https://registry.yarnpkg.com/regenerator-runtime/-/regenerator-runtime-0.11.1.tgz#be05ad7f9bf7d22e056f9726cee5017fbf19e2e9"
  integrity sha512-MguG95oij0fC3QV3URf4V2SDYGJhJnJGqvIIgdECeODCT98wSWDAJ94SSuVpYQUoTcGUIL6L4yNB7j1DFFHSBg==

resize-observer-polyfill@^1.5.0:
  version "1.5.0"
  resolved "https://registry.yarnpkg.com/resize-observer-polyfill/-/resize-observer-polyfill-1.5.0.tgz#660ff1d9712a2382baa2cad450a4716209f9ca69"
  integrity sha512-M2AelyJDVR/oLnToJLtuDJRBBWUGUvvGigj1411hXhAdyFWqMaqHp7TixW3FpiLuVaikIcR1QL+zqoJoZlOgpg==

resolve-pathname@^2.2.0:
  version "2.2.0"
  resolved "https://registry.yarnpkg.com/resolve-pathname/-/resolve-pathname-2.2.0.tgz#7e9ae21ed815fd63ab189adeee64dc831eefa879"
  integrity sha512-bAFz9ld18RzJfddgrO2e/0S2O81710++chRMUxHjXOYKF6jTAMrUNZrEZ1PvV0zlhfjidm08iRPdTLPno1FuRg==

rmc-feedback@^2.0.0:
  version "2.0.0"
  resolved "https://registry.yarnpkg.com/rmc-feedback/-/rmc-feedback-2.0.0.tgz#cbc6cb3ae63c7a635eef0e25e4fbaf5ac366eeaa"
  integrity sha512-5PWOGOW7VXks/l3JzlOU9NIxRpuaSS8d9zA3UULUCuTKnpwBHNvv1jSJzxgbbCQeYzROWUpgKI4za3X4C/mKmQ==
  dependencies:
    babel-runtime "6.x"
    classnames "^2.2.5"

"safer-buffer@>= 2.1.2 < 3":
  version "2.1.2"
  resolved "https://registry.yarnpkg.com/safer-buffer/-/safer-buffer-2.1.2.tgz#44fa161b0187b9549dd84bb91802f9bd8385cd6a"
  integrity sha512-YZo3K82SD7Riyi0E1EQPojLz7kpepnSQI9IyPbHHg1XXXevb5dJI7tpyN2ADxGcQbHG7vcyRHk0cbwqcQriUtg==

setimmediate@^1.0.5:
  version "1.0.5"
  resolved "https://registry.yarnpkg.com/setimmediate/-/setimmediate-1.0.5.tgz#290cbb232e306942d7d7ea9b83732ab7856f8285"
  integrity sha1-KQy7Iy4waULX1+qbg3Mqt4VvgoU=

shallow-equal@^1.0.0:
  version "1.0.0"
  resolved "https://registry.yarnpkg.com/shallow-equal/-/shallow-equal-1.0.0.tgz#508d1838b3de590ab8757b011b25e430900945f7"
  integrity sha1-UI0YOLPeWQq4dXsBGyXkMJAJRfc=

shallowequal@^0.2.2:
  version "0.2.2"
  resolved "https://registry.yarnpkg.com/shallowequal/-/shallowequal-0.2.2.tgz#1e32fd5bcab6ad688a4812cb0cc04efc75c7014e"
  integrity sha1-HjL9W8q2rWiKSBLLDMBO/HXHAU4=
  dependencies:
    lodash.keys "^3.1.2"

shallowequal@^1.0.1, shallowequal@^1.0.2:
  version "1.1.0"
  resolved "https://registry.yarnpkg.com/shallowequal/-/shallowequal-1.1.0.tgz#188d521de95b9087404fd4dcb68b13df0ae4e7f8"
  integrity sha512-y0m1JoUZSlPAjXVtPPW70aZWfIL/dSP7AFkRnniLCrK/8MDKog3TySTBmckD+RObVxH0v4Tox67+F14PdED2oQ==

string-convert@^0.2.0:
  version "0.2.1"
  resolved "https://registry.yarnpkg.com/string-convert/-/string-convert-0.2.1.tgz#6982cc3049fbb4cd85f8b24568b9d9bf39eeff97"
  integrity sha1-aYLMMEn7tM2F+LJFaLnZvznu/5c=

tinycolor2@^1.4.1:
  version "1.4.1"
  resolved "https://registry.yarnpkg.com/tinycolor2/-/tinycolor2-1.4.1.tgz#f4fad333447bc0b07d4dc8e9209d8f39a8ac77e8"
  integrity sha1-9PrTM0R7wLB9TcjpIJ2POaisd+g=

ua-parser-js@^0.7.18:
  version "0.7.18"
  resolved "https://registry.yarnpkg.com/ua-parser-js/-/ua-parser-js-0.7.18.tgz#a7bfd92f56edfb117083b69e31d2aa8882d4b1ed"
  integrity sha512-LtzwHlVHwFGTptfNSgezHp7WUlwiqb0gA9AALRbKaERfxwJoiX0A73QbTToxteIAuIaFshhgIZfqK8s7clqgnA==

value-equal@^0.4.0:
  version "0.4.0"
  resolved "https://registry.yarnpkg.com/value-equal/-/value-equal-0.4.0.tgz#c5bdd2f54ee093c04839d71ce2e4758a6890abc7"
  integrity sha512-x+cYdNnaA3CxvMaTX0INdTCN8m8aF2uY9BvEqmxuYp8bL09cs/kWVQPVGcA35fMktdOsP69IgU7wFj/61dJHEw==

warning@2.x:
  version "2.1.0"
  resolved "https://registry.yarnpkg.com/warning/-/warning-2.1.0.tgz#21220d9c63afc77a8c92111e011af705ce0c6901"
  integrity sha1-ISINnGOvx3qMkhEeARr3Bc4MaQE=
  dependencies:
    loose-envify "^1.0.0"

warning@^3.0.0:
  version "3.0.0"
  resolved "https://registry.yarnpkg.com/warning/-/warning-3.0.0.tgz#32e5377cb572de4ab04753bdf8821c01ed605b7c"
  integrity sha1-MuU3fLVy3kqwR1O9+IIcAe1gW3w=
  dependencies:
    loose-envify "^1.0.0"

warning@^4.0.1, warning@^4.0.2, warning@~4.0.1:
  version "4.0.2"
  resolved "https://registry.yarnpkg.com/warning/-/warning-4.0.2.tgz#aa6876480872116fa3e11d434b0d0d8d91e44607"
  integrity sha512-wbTp09q/9C+jJn4KKJfJfoS6VleK/Dti0yqWSm6KMvJ4MRCXFQNapHuJXutJIrWV0Cf4AhTdeIe4qdKHR1+Hug==
  dependencies:
    loose-envify "^1.0.0"

whatwg-fetch@>=0.10.0:
  version "3.0.0"
  resolved "https://registry.yarnpkg.com/whatwg-fetch/-/whatwg-fetch-3.0.0.tgz#fc804e458cc460009b1a2b966bc8817d2578aefb"
  integrity sha512-9GSJUgz1D4MfyKU7KRqwOjXCXTqWdFNvEr7eUBYchQiVc744mqK/MzXPNR2WsPkmkOa4ywfg8C2n8h+13Bey1Q==
